// !$*UTF8*$!
{
	archiveVersion = 1;
	classes = {
	};
	objectVersion = 56;
	objects = {

/* Begin PBXBuildFile section */
		81D9B37EDA20495DAE2432CE /* HyperpureApp.swift in Sources */ = {isa = PBXBuildFile; fileRef = 512338DB09404F7FA826A404 /* HyperpureApp.swift */; };
		7ECD0247767547949624DF5E /* Theme.swift in Sources */ = {isa = PBXBuildFile; fileRef = D4D615F838E646148D515D09 /* Theme.swift */; };
		4D9CEE32B1064E12AC41B894 /* Product.swift in Sources */ = {isa = PBXBuildFile; fileRef = C724AFEE6ECD4DA7AA0CF2CD /* Product.swift */; };
		FBA12C4A11BB407BAEB5686E /* Category.swift in Sources */ = {isa = PBXBuildFile; fileRef = BE4C83D3A4034D31A070B4C1 /* Category.swift */; };
		4E34B8BBF6C54586AAB28338 /* CartItem.swift in Sources */ = {isa = PBXBuildFile; fileRef = FD73DDE8B2CD4FE28EF334EC /* CartItem.swift */; };
		8D8CD09AAB854413BF1C6209 /* ContentModels.swift in Sources */ = {isa = PBXBuildFile; fileRef = 696B6B3BDC3C4A5392E268E6 /* ContentModels.swift */; };
		C57A78BFDF014161A63568FA /* MockProducts.swift in Sources */ = {isa = PBXBuildFile; fileRef = E7DB21DC105644058990BF9D /* MockProducts.swift */; };
		656CA8022C2D4571BD850952 /* MockCategories.swift in Sources */ = {isa = PBXBuildFile; fileRef = 88568B2C8DA74A51A459BE09 /* MockCategories.swift */; };
		7D40E41F57114CD196D2AC1A /* MockContent.swift in Sources */ = {isa = PBXBuildFile; fileRef = 851231409D6B4E76987790A2 /* MockContent.swift */; };
		6D3BA319FA714A0DB23155E9 /* CartViewModel.swift in Sources */ = {isa = PBXBuildFile; fileRef = EC9ED0F99FDF4A109092196C /* CartViewModel.swift */; };
		18B5BF197ED843059552B770 /* AuthViewModel.swift in Sources */ = {isa = PBXBuildFile; fileRef = E0192C0D23A84D009FE22D96 /* AuthViewModel.swift */; };
		294EFF05A2D24B01956309BE /* CatalogueViewModel.swift in Sources */ = {isa = PBXBuildFile; fileRef = BD4AF75506644C41BFB12E65 /* CatalogueViewModel.swift */; };
		51C7416A275A47E597479CD4 /* HomeViewModel.swift in Sources */ = {isa = PBXBuildFile; fileRef = A24BFE6DE13F46CCB1256EE2 /* HomeViewModel.swift */; };
		CEE109039C3D481C8CF4B8D8 /* MainTabView.swift in Sources */ = {isa = PBXBuildFile; fileRef = 2D13001A2740481CA5E5EE78 /* MainTabView.swift */; };
		8D9A802CFC834C819974D4BB /* ProductCardView.swift in Sources */ = {isa = PBXBuildFile; fileRef = 7A4B512532A24E45B807B1FF /* ProductCardView.swift */; };
		454BCC7A27524457BF203466 /* SearchBarView.swift in Sources */ = {isa = PBXBuildFile; fileRef = 96FEF4A70FB54E4D89986B34 /* SearchBarView.swift */; };
		2FA1AF49CFEB453BA14D4912 /* ToastView.swift in Sources */ = {isa = PBXBuildFile; fileRef = 8A7377945BF74F13B04E924C /* ToastView.swift */; };
		3DBC2D8D3DB1402FA88FA50D /* HeroBannerView.swift in Sources */ = {isa = PBXBuildFile; fileRef = F000902634E8497B83D2FDCB /* HeroBannerView.swift */; };
		81CB162EEFED40F8BD716B0E /* CategoryGridView.swift in Sources */ = {isa = PBXBuildFile; fileRef = 67E9C2A83F5943A8820C8012 /* CategoryGridView.swift */; };
		54CC95BEF427445DAC170AD1 /* OfferBannerView.swift in Sources */ = {isa = PBXBuildFile; fileRef = 51142CF210824B2E9BAE2B86 /* OfferBannerView.swift */; };
		0867990D054147E5AACEB754 /* FeaturedProductsView.swift in Sources */ = {isa = PBXBuildFile; fileRef = D8D4ACE0896040E0AF15D362 /* FeaturedProductsView.swift */; };
		A78FAA789D3643B4B4FE83F4 /* SupplyChainView.swift in Sources */ = {isa = PBXBuildFile; fileRef = CBC4D96901C54855AB015A8C /* SupplyChainView.swift */; };
		AB0F8346B0654EFCB80D1D88 /* StatsCounterView.swift in Sources */ = {isa = PBXBuildFile; fileRef = CED0892414D147D1BFA79DD0 /* StatsCounterView.swift */; };
		C770D8B7154E4370BFADC470 /* TestimonialSliderView.swift in Sources */ = {isa = PBXBuildFile; fileRef = E86F93F78C9841FA9A54B063 /* TestimonialSliderView.swift */; };
		E9FF483808B245D380E00C28 /* FAQAccordionView.swift in Sources */ = {isa = PBXBuildFile; fileRef = F4877D299F88431793CCDE76 /* FAQAccordionView.swift */; };
		52DFBD65672941E6B0F787A1 /* HomeView.swift in Sources */ = {isa = PBXBuildFile; fileRef = 2E3BF14B40C24532942C2A78 /* HomeView.swift */; };
		F0DD0F4AE1684448B69743C4 /* CatalogueView.swift in Sources */ = {isa = PBXBuildFile; fileRef = 19F2CFE668D1480D9302B3F8 /* CatalogueView.swift */; };
		641E1ACADFA14326BE0FB780 /* ProductDetailView.swift in Sources */ = {isa = PBXBuildFile; fileRef = C5BDDF9CE97248F99C348DB2 /* ProductDetailView.swift */; };
		A21AD9855CF341D3B963F9E4 /* CartView.swift in Sources */ = {isa = PBXBuildFile; fileRef = AB2B93AA6A114F9AB3EAC433 /* CartView.swift */; };
		2F370092203144F79D896D15 /* LoginView.swift in Sources */ = {isa = PBXBuildFile; fileRef = 56DF83A0E2974E6FBF74B485 /* LoginView.swift */; };
		F3BEC02D53EE4676912CC112 /* QualityView.swift in Sources */ = {isa = PBXBuildFile; fileRef = 8D85AE666D5B4EC69D96A4DE /* QualityView.swift */; };
		58854BFB717546869D2BDD3B /* SustainabilityView.swift in Sources */ = {isa = PBXBuildFile; fileRef = 3A1D001F8623416997744015 /* SustainabilityView.swift */; };
		81DEE61F18CE422787E968D8 /* BlogView.swift in Sources */ = {isa = PBXBuildFile; fileRef = 8600C8B88F2C4800A7B2023F /* BlogView.swift */; };
/* End PBXBuildFile section */

/* Begin PBXFileReference section */
		512338DB09404F7FA826A404 /* HyperpureApp.swift */ = {isa = PBXFileReference; lastKnownFileType = sourcecode.swift; path = "Hyperpure/App/HyperpureApp.swift"; sourceTree = "<group>"; };
		D4D615F838E646148D515D09 /* Theme.swift */ = {isa = PBXFileReference; lastKnownFileType = sourcecode.swift; path = "Hyperpure/App/Theme.swift"; sourceTree = "<group>"; };
		C724AFEE6ECD4DA7AA0CF2CD /* Product.swift */ = {isa = PBXFileReference; lastKnownFileType = sourcecode.swift; path = "Hyperpure/Models/Product.swift"; sourceTree = "<group>"; };
		BE4C83D3A4034D31A070B4C1 /* Category.swift */ = {isa = PBXFileReference; lastKnownFileType = sourcecode.swift; path = "Hyperpure/Models/Category.swift"; sourceTree = "<group>"; };
		FD73DDE8B2CD4FE28EF334EC /* CartItem.swift */ = {isa = PBXFileReference; lastKnownFileType = sourcecode.swift; path = "Hyperpure/Models/CartItem.swift"; sourceTree = "<group>"; };
		696B6B3BDC3C4A5392E268E6 /* ContentModels.swift */ = {isa = PBXFileReference; lastKnownFileType = sourcecode.swift; path = "Hyperpure/Models/ContentModels.swift"; sourceTree = "<group>"; };
		E7DB21DC105644058990BF9D /* MockProducts.swift */ = {isa = PBXFileReference; lastKnownFileType = sourcecode.swift; path = "Hyperpure/Data/MockProducts.swift"; sourceTree = "<group>"; };
		88568B2C8DA74A51A459BE09 /* MockCategories.swift */ = {isa = PBXFileReference; lastKnownFileType = sourcecode.swift; path = "Hyperpure/Data/MockCategories.swift"; sourceTree = "<group>"; };
		851231409D6B4E76987790A2 /* MockContent.swift */ = {isa = PBXFileReference; lastKnownFileType = sourcecode.swift; path = "Hyperpure/Data/MockContent.swift"; sourceTree = "<group>"; };
		EC9ED0F99FDF4A109092196C /* CartViewModel.swift */ = {isa = PBXFileReference; lastKnownFileType = sourcecode.swift; path = "Hyperpure/ViewModels/CartViewModel.swift"; sourceTree = "<group>"; };
		E0192C0D23A84D009FE22D96 /* AuthViewModel.swift */ = {isa = PBXFileReference; lastKnownFileType = sourcecode.swift; path = "Hyperpure/ViewModels/AuthViewModel.swift"; sourceTree = "<group>"; };
		BD4AF75506644C41BFB12E65 /* CatalogueViewModel.swift */ = {isa = PBXFileReference; lastKnownFileType = sourcecode.swift; path = "Hyperpure/ViewModels/CatalogueViewModel.swift"; sourceTree = "<group>"; };
		A24BFE6DE13F46CCB1256EE2 /* HomeViewModel.swift */ = {isa = PBXFileReference; lastKnownFileType = sourcecode.swift; path = "Hyperpure/ViewModels/HomeViewModel.swift"; sourceTree = "<group>"; };
		2D13001A2740481CA5E5EE78 /* MainTabView.swift */ = {isa = PBXFileReference; lastKnownFileType = sourcecode.swift; path = "Hyperpure/Views/MainTabView.swift"; sourceTree = "<group>"; };
		7A4B512532A24E45B807B1FF /* ProductCardView.swift */ = {isa = PBXFileReference; lastKnownFileType = sourcecode.swift; path = "Hyperpure/Views/Components/ProductCardView.swift"; sourceTree = "<group>"; };
		96FEF4A70FB54E4D89986B34 /* SearchBarView.swift */ = {isa = PBXFileReference; lastKnownFileType = sourcecode.swift; path = "Hyperpure/Views/Components/SearchBarView.swift"; sourceTree = "<group>"; };
		8A7377945BF74F13B04E924C /* ToastView.swift */ = {isa = PBXFileReference; lastKnownFileType = sourcecode.swift; path = "Hyperpure/Views/Components/ToastView.swift"; sourceTree = "<group>"; };
		F000902634E8497B83D2FDCB /* HeroBannerView.swift */ = {isa = PBXFileReference; lastKnownFileType = sourcecode.swift; path = "Hyperpure/Views/Home/HeroBannerView.swift"; sourceTree = "<group>"; };
		67E9C2A83F5943A8820C8012 /* CategoryGridView.swift */ = {isa = PBXFileReference; lastKnownFileType = sourcecode.swift; path = "Hyperpure/Views/Home/CategoryGridView.swift"; sourceTree = "<group>"; };
		51142CF210824B2E9BAE2B86 /* OfferBannerView.swift */ = {isa = PBXFileReference; lastKnownFileType = sourcecode.swift; path = "Hyperpure/Views/Home/OfferBannerView.swift"; sourceTree = "<group>"; };
		D8D4ACE0896040E0AF15D362 /* FeaturedProductsView.swift */ = {isa = PBXFileReference; lastKnownFileType = sourcecode.swift; path = "Hyperpure/Views/Home/FeaturedProductsView.swift"; sourceTree = "<group>"; };
		CBC4D96901C54855AB015A8C /* SupplyChainView.swift */ = {isa = PBXFileReference; lastKnownFileType = sourcecode.swift; path = "Hyperpure/Views/Home/SupplyChainView.swift"; sourceTree = "<group>"; };
		CED0892414D147D1BFA79DD0 /* StatsCounterView.swift */ = {isa = PBXFileReference; lastKnownFileType = sourcecode.swift; path = "Hyperpure/Views/Home/StatsCounterView.swift"; sourceTree = "<group>"; };
		E86F93F78C9841FA9A54B063 /* TestimonialSliderView.swift */ = {isa = PBXFileReference; lastKnownFileType = sourcecode.swift; path = "Hyperpure/Views/Home/TestimonialSliderView.swift"; sourceTree = "<group>"; };
		F4877D299F88431793CCDE76 /* FAQAccordionView.swift */ = {isa = PBXFileReference; lastKnownFileType = sourcecode.swift; path = "Hyperpure/Views/Home/FAQAccordionView.swift"; sourceTree = "<group>"; };
		2E3BF14B40C24532942C2A78 /* HomeView.swift */ = {isa = PBXFileReference; lastKnownFileType = sourcecode.swift; path = "Hyperpure/Views/Home/HomeView.swift"; sourceTree = "<group>"; };
		19F2CFE668D1480D9302B3F8 /* CatalogueView.swift */ = {isa = PBXFileReference; lastKnownFileType = sourcecode.swift; path = "Hyperpure/Views/Catalogue/CatalogueView.swift"; sourceTree = "<group>"; };
		C5BDDF9CE97248F99C348DB2 /* ProductDetailView.swift */ = {isa = PBXFileReference; lastKnownFileType = sourcecode.swift; path = "Hyperpure/Views/ProductDetail/ProductDetailView.swift"; sourceTree = "<group>"; };
		AB2B93AA6A114F9AB3EAC433 /* CartView.swift */ = {isa = PBXFileReference; lastKnownFileType = sourcecode.swift; path = "Hyperpure/Views/Cart/CartView.swift"; sourceTree = "<group>"; };
		56DF83A0E2974E6FBF74B485 /* LoginView.swift */ = {isa = PBXFileReference; lastKnownFileType = sourcecode.swift; path = "Hyperpure/Views/Auth/LoginView.swift"; sourceTree = "<group>"; };
		8D85AE666D5B4EC69D96A4DE /* QualityView.swift */ = {isa = PBXFileReference; lastKnownFileType = sourcecode.swift; path = "Hyperpure/Views/Quality/QualityView.swift"; sourceTree = "<group>"; };
		3A1D001F8623416997744015 /* SustainabilityView.swift */ = {isa = PBXFileReference; lastKnownFileType = sourcecode.swift; path = "Hyperpure/Views/Sustainability/SustainabilityView.swift"; sourceTree = "<group>"; };
		8600C8B88F2C4800A7B2023F /* BlogView.swift */ = {isa = PBXFileReference; lastKnownFileType = sourcecode.swift; path = "Hyperpure/Views/Blog/BlogView.swift"; sourceTree = "<group>"; };
/* End PBXFileReference section */

/* Begin PBXGroup section */
		0AFF59D2C1E54138BF61118F = {
			isa = PBXGroup;
			children = (
				F389665F40C64EFF82295695 /* App */,
				AB1236291172479088C78439 /* Models */,
				1ECB3F2345F9473CA3639957 /* Data */,
				C966370E43DC43BA8A8FD2B6 /* ViewModels */,
				6E5BF5A5666340DBBF6D2DC4 /* Views */,
			);
			sourceTree = "<group>";
		};
		F389665F40C64EFF82295695 /* App */ = {
			isa = PBXGroup;
			children = (
				512338DB09404F7FA826A404 /* HyperpureApp.swift */,
				D4D615F838E646148D515D09 /* Theme.swift */,
			);
			name = "App";
			sourceTree = "<group>";
		};
		AB1236291172479088C78439 /* Models */ = {
			isa = PBXGroup;
			children = (
				C724AFEE6ECD4DA7AA0CF2CD /* Product.swift */,
				BE4C83D3A4034D31A070B4C1 /* Category.swift */,
				FD73DDE8B2CD4FE28EF334EC /* CartItem.swift */,
				696B6B3BDC3C4A5392E268E6 /* ContentModels.swift */,
			);
			name = "Models";
			sourceTree = "<group>";
		};
		1ECB3F2345F9473CA3639957 /* Data */ = {
			isa = PBXGroup;
			children = (
				E7DB21DC105644058990BF9D /* MockProducts.swift */,
				88568B2C8DA74A51A459BE09 /* MockCategories.swift */,
				851231409D6B4E76987790A2 /* MockContent.swift */,
			);
			name = "Data";
			sourceTree = "<group>";
		};
		C966370E43DC43BA8A8FD2B6 /* ViewModels */ = {
			isa = PBXGroup;
			children = (
				EC9ED0F99FDF4A109092196C /* CartViewModel.swift */,
				E0192C0D23A84D009FE22D96 /* AuthViewModel.swift */,
				BD4AF75506644C41BFB12E65 /* CatalogueViewModel.swift */,
				A24BFE6DE13F46CCB1256EE2 /* HomeViewModel.swift */,
			);
			name = "ViewModels";
			sourceTree = "<group>";
		};
		6560A659519A4C70AE8F80AB /* Components */ = {
			isa = PBXGroup;
			children = (
				7A4B512532A24E45B807B1FF /* ProductCardView.swift */,
				96FEF4A70FB54E4D89986B34 /* SearchBarView.swift */,
				8A7377945BF74F13B04E924C /* ToastView.swift */,
			);
			name = "Components";
			sourceTree = "<group>";
		};
		C6957B3543F44E18B0B643C3 /* Home */ = {
			isa = PBXGroup;
			children = (
				F000902634E8497B83D2FDCB /* HeroBannerView.swift */,
				67E9C2A83F5943A8820C8012 /* CategoryGridView.swift */,
				51142CF210824B2E9BAE2B86 /* OfferBannerView.swift */,
				D8D4ACE0896040E0AF15D362 /* FeaturedProductsView.swift */,
				CBC4D96901C54855AB015A8C /* SupplyChainView.swift */,
				CED0892414D147D1BFA79DD0 /* StatsCounterView.swift */,
				E86F93F78C9841FA9A54B063 /* TestimonialSliderView.swift */,
				F4877D299F88431793CCDE76 /* FAQAccordionView.swift */,
				2E3BF14B40C24532942C2A78 /* HomeView.swift */,
			);
			name = "Home";
			sourceTree = "<group>";
		};
		6E420BC3486440AA93DEA878 /* Catalogue */ = {
			isa = PBXGroup;
			children = (
				19F2CFE668D1480D9302B3F8 /* CatalogueView.swift */,
			);
			name = "Catalogue";
			sourceTree = "<group>";
		};
		4F7AAD918C6E419194DE0F30 /* ProductDetail */ = {
			isa = PBXGroup;
			children = (
				C5BDDF9CE97248F99C348DB2 /* ProductDetailView.swift */,
			);
			name = "ProductDetail";
			sourceTree = "<group>";
		};
		F3BB827C2F7644EC9214932F /* Cart */ = {
			isa = PBXGroup;
			children = (
				AB2B93AA6A114F9AB3EAC433 /* CartView.swift */,
			);
			name = "Cart";
			sourceTree = "<group>";
		};
		87A507061A094482B8702C7E /* Auth */ = {
			isa = PBXGroup;
			children = (
				56DF83A0E2974E6FBF74B485 /* LoginView.swift */,
			);
			name = "Auth";
			sourceTree = "<group>";
		};
		BC35F83E2A8749BCB44C1A8B /* Quality */ = {
			isa = PBXGroup;
			children = (
				8D85AE666D5B4EC69D96A4DE /* QualityView.swift */,
			);
			name = "Quality";
			sourceTree = "<group>";
		};
		533DAF7225304300AD086861 /* Sustainability */ = {
			isa = PBXGroup;
			children = (
				3A1D001F8623416997744015 /* SustainabilityView.swift */,
			);
			name = "Sustainability";
			sourceTree = "<group>";
		};
		02A3629DDA5D404E9423E213 /* Blog */ = {
			isa = PBXGroup;
			children = (
				8600C8B88F2C4800A7B2023F /* BlogView.swift */,
			);
			name = "Blog";
			sourceTree = "<group>";
		};
		6E5BF5A5666340DBBF6D2DC4 /* Views */ = {
			isa = PBXGroup;
			children = (
				2D13001A2740481CA5E5EE78 /* MainTabView.swift */,
				6560A659519A4C70AE8F80AB /* Components */,
				C6957B3543F44E18B0B643C3 /* Home */,
				6E420BC3486440AA93DEA878 /* Catalogue */,
				4F7AAD918C6E419194DE0F30 /* ProductDetail */,
				F3BB827C2F7644EC9214932F /* Cart */,
				87A507061A094482B8702C7E /* Auth */,
				BC35F83E2A8749BCB44C1A8B /* Quality */,
				533DAF7225304300AD086861 /* Sustainability */,
				02A3629DDA5D404E9423E213 /* Blog */,
			);
			name = "Views";
			sourceTree = "<group>";
		};
/* End PBXGroup section */

/* Begin PBXNativeTarget section */
		0750C38E99BC431DBFB246A8 /* Hyperpure */ = {
			isa = PBXNativeTarget;
			buildConfigurationList = 1CFFF73764C445F6BE47B75F /* Build configuration list for PBXNativeTarget "Hyperpure" */;
			buildPhases = (
				E2B2212DFB9B4662A8C66CCA /* Sources */,
			);
			buildRules = (
			);
			dependencies = (
			);
			name = Hyperpure;
			productName = Hyperpure;
			productType = "com.apple.product-type.application";
		};
/* End PBXNativeTarget section */

/* Begin PBXProject section */
		0E58AFF1629C49B19EA2E05D /* Project object */ = {
			isa = PBXProject;
			attributes = {
				BuildIndependentTargetsInParallel = 1;
				LastUpgradeCheck = 1540;
				TargetAttributes = {
					0750C38E99BC431DBFB246A8 = {
						CreatedOnToolsVersion = 15.4;
					};
				};
			};
			buildConfigurationList = 1B51E878F5134FEA8CCFEF8C /* Build configuration list for PBXProject "Hyperpure" */;
			compatibilityVersion = "Xcode 14.0";
			developmentRegion = en;
			hasScannedForEncodings = 0;
			knownRegions = (
				en,
				Base,
			);
			mainGroup = 0AFF59D2C1E54138BF61118F;
			productRefGroup = 0AFF59D2C1E54138BF61118F;
			projectDirPath = "";
			projectRoot = "";
			targets = (
				0750C38E99BC431DBFB246A8 /* Hyperpure */,
			);
		};
/* End PBXProject section */

/* Begin PBXSourcesBuildPhase section */
		E2B2212DFB9B4662A8C66CCA /* Sources */ = {
			isa = PBXSourcesBuildPhase;
			buildActionMask = 2147483647;
			files = (
				81D9B37EDA20495DAE2432CE /* HyperpureApp.swift in Sources */,
				7ECD0247767547949624DF5E /* Theme.swift in Sources */,
				4D9CEE32B1064E12AC41B894 /* Product.swift in Sources */,
				FBA12C4A11BB407BAEB5686E /* Category.swift in Sources */,
				4E34B8BBF6C54586AAB28338 /* CartItem.swift in Sources */,
				8D8CD09AAB854413BF1C6209 /* ContentModels.swift in Sources */,
				C57A78BFDF014161A63568FA /* MockProducts.swift in Sources */,
				656CA8022C2D4571BD850952 /* MockCategories.swift in Sources */,
				7D40E41F57114CD196D2AC1A /* MockContent.swift in Sources */,
				6D3BA319FA714A0DB23155E9 /* CartViewModel.swift in Sources */,
				18B5BF197ED843059552B770 /* AuthViewModel.swift in Sources */,
				294EFF05A2D24B01956309BE /* CatalogueViewModel.swift in Sources */,
				51C7416A275A47E597479CD4 /* HomeViewModel.swift in Sources */,
				CEE109039C3D481C8CF4B8D8 /* MainTabView.swift in Sources */,
				8D9A802CFC834C819974D4BB /* ProductCardView.swift in Sources */,
				454BCC7A27524457BF203466 /* SearchBarView.swift in Sources */,
				2FA1AF49CFEB453BA14D4912 /* ToastView.swift in Sources */,
				3DBC2D8D3DB1402FA88FA50D /* HeroBannerView.swift in Sources */,
				81CB162EEFED40F8BD716B0E /* CategoryGridView.swift in Sources */,
				54CC95BEF427445DAC170AD1 /* OfferBannerView.swift in Sources */,
				0867990D054147E5AACEB754 /* FeaturedProductsView.swift in Sources */,
				A78FAA789D3643B4B4FE83F4 /* SupplyChainView.swift in Sources */,
				AB0F8346B0654EFCB80D1D88 /* StatsCounterView.swift in Sources */,
				C770D8B7154E4370BFADC470 /* TestimonialSliderView.swift in Sources */,
				E9FF483808B245D380E00C28 /* FAQAccordionView.swift in Sources */,
				52DFBD65672941E6B0F787A1 /* HomeView.swift in Sources */,
				F0DD0F4AE1684448B69743C4 /* CatalogueView.swift in Sources */,
				641E1ACADFA14326BE0FB780 /* ProductDetailView.swift in Sources */,
				A21AD9855CF341D3B963F9E4 /* CartView.swift in Sources */,
				2F370092203144F79D896D15 /* LoginView.swift in Sources */,
				F3BEC02D53EE4676912CC112 /* QualityView.swift in Sources */,
				58854BFB717546869D2BDD3B /* SustainabilityView.swift in Sources */,
				81DEE61F18CE422787E968D8 /* BlogView.swift in Sources */,
			);
			runOnlyForDeploymentPostprocessing = 0;
		};
/* End PBXSourcesBuildPhase section */

/* Begin XCBuildConfiguration section */
		FDFE36FC621B4A58AAF0AA2D /* Debug */ = {
			isa = XCBuildConfiguration;
			buildSettings = {
				ALWAYS_SEARCH_USER_PATHS = NO;
				CLANG_ENABLE_MODULES = YES;
				DECISION_BUILD = YES;
				ENABLE_STRICT_OBJC_MSGSEND = YES;
				GCC_C_LANGUAGE_STANDARD = gnu17;
				IPHONEOS_DEPLOYMENT_TARGET = 17.0;
				MTL_ENABLE_DEBUG_INFO = INCLUDE_SOURCE;
				MTL_FAST_MATH = YES;
				SDKROOT = iphoneos;
				SWIFT_ACTIVE_COMPILATION_CONDITIONS = DEBUG;
				SWIFT_OPTIMIZATION_LEVEL = "-Onone";
				SWIFT_VERSION = 5.0;
			};
			name = Debug;
		};
		106136151B8F4E4DB64ADA8B /* Release */ = {
			isa = XCBuildConfiguration;
			buildSettings = {
				ALWAYS_SEARCH_USER_PATHS = NO;
				CLANG_ENABLE_MODULES = YES;
				DECISION_BUILD = YES;
				ENABLE_STRICT_OBJC_MSGSEND = YES;
				GCC_C_LANGUAGE_STANDARD = gnu17;
				IPHONEOS_DEPLOYMENT_TARGET = 17.0;
				MTL_FAST_MATH = YES;
				SDKROOT = iphoneos;
				SWIFT_COMPILATION_MODE = wholemodule;
				SWIFT_OPTIMIZATION_LEVEL = "-O";
				SWIFT_VERSION = 5.0;
			};
			name = Release;
		};
		368C69A8AB594BDEA059F085 /* Debug */ = {
			isa = XCBuildConfiguration;
			buildSettings = {
				ASSETCATALOG_COMPILER_APPICON_NAME = AppIcon;
				CODE_SIGN_STYLE = Automatic;
				CURRENT_PROJECT_VERSION = 1;
				GENERATE_INFOPLIST_FILE = YES;
				INFOPLIST_KEY_UIApplicationSceneManifest_Generation = YES;
				INFOPLIST_KEY_UIApplicationSupportsIndirectInputEvents = YES;
				INFOPLIST_KEY_UILaunchScreen_Generation = YES;
				INFOPLIST_KEY_UISupportedInterfaceOrientations_iPhone = "UIInterfaceOrientationPortrait";
				LD_RUNPATH_SEARCH_PATHS = (
					"$(inherited)",
					"@executable_path/Frameworks",
				);
				MARKETING_VERSION = 1.0;
				PRODUCT_BUNDLE_IDENTIFIER = com.hyperpure.app;
				PRODUCT_NAME = "$(TARGET_NAME)";
				SWIFT_EMIT_LOC_STRINGS = YES;
				TARGETED_DEVICE_FAMILY = "1,2";
			};
			name = Debug;
		};
		8E68550899B84BD282C69A23 /* Release */ = {
			isa = XCBuildConfiguration;
			buildSettings = {
				ASSETCATALOG_COMPILER_APPICON_NAME = AppIcon;
				CODE_SIGN_STYLE = Automatic;
				CURRENT_PROJECT_VERSION = 1;
				GENERATE_INFOPLIST_FILE = YES;
				INFOPLIST_KEY_UIApplicationSceneManifest_Generation = YES;
				INFOPLIST_KEY_UIApplicationSupportsIndirectInputEvents = YES;
				INFOPLIST_KEY_UILaunchScreen_Generation = YES;
				INFOPLIST_KEY_UISupportedInterfaceOrientations_iPhone = "UIInterfaceOrientationPortrait";
				LD_RUNPATH_SEARCH_PATHS = (
					"$(inherited)",
					"@executable_path/Frameworks",
				);
				MARKETING_VERSION = 1.0;
				PRODUCT_BUNDLE_IDENTIFIER = com.hyperpure.app;
				PRODUCT_NAME = "$(TARGET_NAME)";
				SWIFT_EMIT_LOC_STRINGS = YES;
				TARGETED_DEVICE_FAMILY = "1,2";
			};
			name = Release;
		};
/* End XCBuildConfiguration section */

/* Begin XCConfigurationList section */
		1B51E878F5134FEA8CCFEF8C /* Build configuration list for PBXProject "Hyperpure" */ = {
			isa = XCConfigurationList;
			buildConfigurations = (
				FDFE36FC621B4A58AAF0AA2D /* Debug */,
				106136151B8F4E4DB64ADA8B /* Release */,
			);
			defaultConfigurationIsVisible = 0;
			defaultConfigurationName = Release;
		};
		1CFFF73764C445F6BE47B75F /* Build configuration list for PBXNativeTarget "Hyperpure" */ = {
			isa = XCConfigurationList;
			buildConfigurations = (
				368C69A8AB594BDEA059F085 /* Debug */,
				8E68550899B84BD282C69A23 /* Release */,
			);
			defaultConfigurationIsVisible = 0;
			defaultConfigurationName = Release;
		};
/* End XCConfigurationList section */
	};
	rootObject = 0E58AFF1629C49B19EA2E05D /* Project object */;
}
