// !$*UTF8*$!
{
	archiveVersion = 1;
	classes = {
	};
	objectVersion = 56;
	objects = {

/* Begin PBXBuildFile section */
		0A1B2C3D4E5F6A7B8C9D0E20 /* Assets.xcassets in Resources */ = {isa = PBXBuildFile; fileRef = 0A1B2C3D4E5F6A7B8C9D0E1F /* Assets.xcassets */; };
		E8E5B14C9FED4ECEB6B2E345 /* HyperpureApp.swift in Sources */ = {isa = PBXBuildFile; fileRef = FFBA2DC593F24C28BEB892FC /* HyperpureApp.swift */; };
		0C4426DAEC7649E78EA5F52C /* Theme.swift in Sources */ = {isa = PBXBuildFile; fileRef = 428E4C360DAC4D4DAB782458 /* Theme.swift */; };
		F833DFB45B6D47BBA2F1DBDA /* Product.swift in Sources */ = {isa = PBXBuildFile; fileRef = E7AD6381D6CA4C209C8B7700 /* Product.swift */; };
		95B532A8F6014C779FBB6F1A /* Category.swift in Sources */ = {isa = PBXBuildFile; fileRef = 976D2FF717594F5BAFFF02A3 /* Category.swift */; };
		55209BE4BC9848C4B4A55578 /* CartItem.swift in Sources */ = {isa = PBXBuildFile; fileRef = 3AA04081A09546438BD4C020 /* CartItem.swift */; };
		AA56B7F7435E4682B2A788A6 /* ContentModels.swift in Sources */ = {isa = PBXBuildFile; fileRef = AA4DFA3D65BC4BD1A36B3B45 /* ContentModels.swift */; };
		9EA0A0FAEC4A443D8E93CB37 /* HapticService.swift in Sources */ = {isa = PBXBuildFile; fileRef = 0AC63998CAD64D769BC6EF2E /* HapticService.swift */; };
		C5526EB122BE43CBACF92127 /* MockProducts.swift in Sources */ = {isa = PBXBuildFile; fileRef = 113D0437DA52449B82F08130 /* MockProducts.swift */; };
		0D57810B5D3D487AACC4D078 /* MockCategories.swift in Sources */ = {isa = PBXBuildFile; fileRef = 44EB190818A74E2491858C7D /* MockCategories.swift */; };
		AA69DA6CDFAD43C88ECB5568 /* MockContent.swift in Sources */ = {isa = PBXBuildFile; fileRef = 11D5937A5ED342EE8D0F75EF /* MockContent.swift */; };
		196D57673C654A7F9E5DC801 /* CartViewModel.swift in Sources */ = {isa = PBXBuildFile; fileRef = 85C277E686314E66ABCCE5DD /* CartViewModel.swift */; };
		E967DC9895304206BA766A47 /* CatalogueViewModel.swift in Sources */ = {isa = PBXBuildFile; fileRef = A7F824936F1048E5BEE9DF23 /* CatalogueViewModel.swift */; };
		BBDFBD2563054BE5A99E451B /* HomeViewModel.swift in Sources */ = {isa = PBXBuildFile; fileRef = 5AB32EEB6DB9489E8ED8F6E5 /* HomeViewModel.swift */; };
		F7571929D85A4256925BB276 /* MainTabView.swift in Sources */ = {isa = PBXBuildFile; fileRef = B4FC37A7945A4FFD8071A3BB /* MainTabView.swift */; };
		2F6C5AE2D8E8402BA3525570 /* ProductCardView.swift in Sources */ = {isa = PBXBuildFile; fileRef = D1CB7DF8CDB945038F0A99A5 /* ProductCardView.swift */; };
		CA705D648BE34343A5DF37A9 /* SearchBarView.swift in Sources */ = {isa = PBXBuildFile; fileRef = 1EAC625ABF0543FEA5AE55A7 /* SearchBarView.swift */; };
		80D1E1E9B6C849FDA588AAEA /* ToastView.swift in Sources */ = {isa = PBXBuildFile; fileRef = DC80DA7D2A154AA285A4EDF8 /* ToastView.swift */; };

		91227B4C3E8E408A9D39B945 /* HeaderView.swift in Sources */ = {isa = PBXBuildFile; fileRef = 3CF887BDD597461CB81DDD8A /* HeaderView.swift */; };
		4E28E99673D04F7B92965274 /* BannerView.swift in Sources */ = {isa = PBXBuildFile; fileRef = 019C5365FC79475FBF6BA7F4 /* BannerView.swift */; };
		5612BB641FF84313ACF6EEBC /* CategoryGridView.swift in Sources */ = {isa = PBXBuildFile; fileRef = C7CCA51E3E5446F8921D8B26 /* CategoryGridView.swift */; };
		97F0B535E487410AAC534DC3 /* ProductRailView.swift in Sources */ = {isa = PBXBuildFile; fileRef = F7896BCC369445948381375F /* ProductRailView.swift */; };
		4B8D3AAC4E7749F3B435B4BB /* CategoriesSheetView.swift in Sources */ = {isa = PBXBuildFile; fileRef = 6725B1D39EFB4F1FA8BBA34D /* CategoriesSheetView.swift */; };
		2749C2A5E94247CE984891B4 /* HeroBannerView.swift in Sources */ = {isa = PBXBuildFile; fileRef = 43A0D6BBEADB43A6AEFA23F0 /* HeroBannerView.swift */; };
		1475C296FC9B409A9DC6A68C /* FeaturedProductsView.swift in Sources */ = {isa = PBXBuildFile; fileRef = 2BDD53414FF342F291FCA07E /* FeaturedProductsView.swift */; };
		51C8F2297EBB4333A4B3FED8 /* OfferBannerView.swift in Sources */ = {isa = PBXBuildFile; fileRef = 4D39CA3C34CE4EE88AC7FFCF /* OfferBannerView.swift */; };
		8BB8F8499FBB4A6B98F2C475 /* SupplyChainView.swift in Sources */ = {isa = PBXBuildFile; fileRef = B16473B741CD4D14B76E9EB6 /* SupplyChainView.swift */; };
		898ECDACB5A54FFBA06FA96C /* StatsCounterView.swift in Sources */ = {isa = PBXBuildFile; fileRef = 459C680786264BFBB21E0E57 /* StatsCounterView.swift */; };
		874044A3E1A944AF94C8AA68 /* TestimonialSliderView.swift in Sources */ = {isa = PBXBuildFile; fileRef = F3D37B4D8B3146A2AE6EE54B /* TestimonialSliderView.swift */; };
		55396C58A2C74A98B15B86C4 /* FAQAccordionView.swift in Sources */ = {isa = PBXBuildFile; fileRef = 048EED0CE509468DB068CFE7 /* FAQAccordionView.swift */; };
		349B83FF2F05466DB6A55BDC /* HomeView.swift in Sources */ = {isa = PBXBuildFile; fileRef = 428C1242FDB4475C8232D916 /* HomeView.swift */; };
		38F624268BA541DAAB00F14B /* MyListView.swift in Sources */ = {isa = PBXBuildFile; fileRef = CC2EE0A1E4DE44DCA4BDA9CD /* MyListView.swift */; };
		432B5627DF7946BC87448EFC /* SmartListsView.swift in Sources */ = {isa = PBXBuildFile; fileRef = 0F103C18539C481BBA9F4C08 /* SmartListsView.swift */; };
		E77C5A984D5E43B58FAE70C7 /* OrdersView.swift in Sources */ = {isa = PBXBuildFile; fileRef = 5440DFE2624F4E46A5CD3EA6 /* OrdersView.swift */; };
		0D2F92C7E49449DAAEA9EFFE /* AccountView.swift in Sources */ = {isa = PBXBuildFile; fileRef = CE73E32B9FE344EAA546FDE1 /* AccountView.swift */; };
		08E9F4E4949245B895F03A38 /* CatalogueView.swift in Sources */ = {isa = PBXBuildFile; fileRef = C4F7A9F1A2D847F88303084C /* CatalogueView.swift */; };
		B0DF8595D31542FC91FA5B39 /* ProductDetailView.swift in Sources */ = {isa = PBXBuildFile; fileRef = A12522F7499B477E897985B6 /* ProductDetailView.swift */; };
		04A84AE8BB524BDA84D47BC4 /* CartView.swift in Sources */ = {isa = PBXBuildFile; fileRef = 64EEBD06451A4059A2544885 /* CartView.swift */; };
		1756F5BB4BCB44FFBB29BBBC /* QualityView.swift in Sources */ = {isa = PBXBuildFile; fileRef = D87772AAF28848119D089227 /* QualityView.swift */; };
		EE53BF7375A240A79BF27275 /* SustainabilityView.swift in Sources */ = {isa = PBXBuildFile; fileRef = AEBA5446E0AB480EA15DFBF1 /* SustainabilityView.swift */; };
		6C72483B015E406E9B699F20 /* BlogView.swift in Sources */ = {isa = PBXBuildFile; fileRef = B44ADF4463B54FE495D29287 /* BlogView.swift */; };
/* End PBXBuildFile section */

/* Begin PBXFileReference section */
		FFBA2DC593F24C28BEB892FC /* HyperpureApp.swift */ = {isa = PBXFileReference; lastKnownFileType = sourcecode.swift; name = "HyperpureApp.swift"; path = "Hyperpure/App/HyperpureApp.swift"; sourceTree = "<group>"; };
		428E4C360DAC4D4DAB782458 /* Theme.swift */ = {isa = PBXFileReference; lastKnownFileType = sourcecode.swift; name = "Theme.swift"; path = "Hyperpure/App/Theme.swift"; sourceTree = "<group>"; };
		E7AD6381D6CA4C209C8B7700 /* Product.swift */ = {isa = PBXFileReference; lastKnownFileType = sourcecode.swift; name = "Product.swift"; path = "Hyperpure/Models/Product.swift"; sourceTree = "<group>"; };
		976D2FF717594F5BAFFF02A3 /* Category.swift */ = {isa = PBXFileReference; lastKnownFileType = sourcecode.swift; name = "Category.swift"; path = "Hyperpure/Models/Category.swift"; sourceTree = "<group>"; };
		3AA04081A09546438BD4C020 /* CartItem.swift */ = {isa = PBXFileReference; lastKnownFileType = sourcecode.swift; name = "CartItem.swift"; path = "Hyperpure/Models/CartItem.swift"; sourceTree = "<group>"; };
		AA4DFA3D65BC4BD1A36B3B45 /* ContentModels.swift */ = {isa = PBXFileReference; lastKnownFileType = sourcecode.swift; name = "ContentModels.swift"; path = "Hyperpure/Models/ContentModels.swift"; sourceTree = "<group>"; };
		0AC63998CAD64D769BC6EF2E /* HapticService.swift */ = {isa = PBXFileReference; lastKnownFileType = sourcecode.swift; name = "HapticService.swift"; path = "Hyperpure/Services/HapticService.swift"; sourceTree = "<group>"; };
		113D0437DA52449B82F08130 /* MockProducts.swift */ = {isa = PBXFileReference; lastKnownFileType = sourcecode.swift; name = "MockProducts.swift"; path = "Hyperpure/Data/MockProducts.swift"; sourceTree = "<group>"; };
		44EB190818A74E2491858C7D /* MockCategories.swift */ = {isa = PBXFileReference; lastKnownFileType = sourcecode.swift; name = "MockCategories.swift"; path = "Hyperpure/Data/MockCategories.swift"; sourceTree = "<group>"; };
		11D5937A5ED342EE8D0F75EF /* MockContent.swift */ = {isa = PBXFileReference; lastKnownFileType = sourcecode.swift; name = "MockContent.swift"; path = "Hyperpure/Data/MockContent.swift"; sourceTree = "<group>"; };
		85C277E686314E66ABCCE5DD /* CartViewModel.swift */ = {isa = PBXFileReference; lastKnownFileType = sourcecode.swift; name = "CartViewModel.swift"; path = "Hyperpure/ViewModels/CartViewModel.swift"; sourceTree = "<group>"; };
		A7F824936F1048E5BEE9DF23 /* CatalogueViewModel.swift */ = {isa = PBXFileReference; lastKnownFileType = sourcecode.swift; name = "CatalogueViewModel.swift"; path = "Hyperpure/ViewModels/CatalogueViewModel.swift"; sourceTree = "<group>"; };
		5AB32EEB6DB9489E8ED8F6E5 /* HomeViewModel.swift */ = {isa = PBXFileReference; lastKnownFileType = sourcecode.swift; name = "HomeViewModel.swift"; path = "Hyperpure/ViewModels/HomeViewModel.swift"; sourceTree = "<group>"; };
		B4FC37A7945A4FFD8071A3BB /* MainTabView.swift */ = {isa = PBXFileReference; lastKnownFileType = sourcecode.swift; name = "MainTabView.swift"; path = "Hyperpure/Views/MainTabView.swift"; sourceTree = "<group>"; };
		D1CB7DF8CDB945038F0A99A5 /* ProductCardView.swift */ = {isa = PBXFileReference; lastKnownFileType = sourcecode.swift; name = "ProductCardView.swift"; path = "Hyperpure/Views/Components/ProductCardView.swift"; sourceTree = "<group>"; };
		1EAC625ABF0543FEA5AE55A7 /* SearchBarView.swift */ = {isa = PBXFileReference; lastKnownFileType = sourcecode.swift; name = "SearchBarView.swift"; path = "Hyperpure/Views/Components/SearchBarView.swift"; sourceTree = "<group>"; };
		DC80DA7D2A154AA285A4EDF8 /* ToastView.swift */ = {isa = PBXFileReference; lastKnownFileType = sourcecode.swift; name = "ToastView.swift"; path = "Hyperpure/Views/Components/ToastView.swift"; sourceTree = "<group>"; };

		3CF887BDD597461CB81DDD8A /* HeaderView.swift */ = {isa = PBXFileReference; lastKnownFileType = sourcecode.swift; name = "HeaderView.swift"; path = "Hyperpure/Views/Home/HeaderView.swift"; sourceTree = "<group>"; };
		019C5365FC79475FBF6BA7F4 /* BannerView.swift */ = {isa = PBXFileReference; lastKnownFileType = sourcecode.swift; name = "BannerView.swift"; path = "Hyperpure/Views/Home/BannerView.swift"; sourceTree = "<group>"; };
		C7CCA51E3E5446F8921D8B26 /* CategoryGridView.swift */ = {isa = PBXFileReference; lastKnownFileType = sourcecode.swift; name = "CategoryGridView.swift"; path = "Hyperpure/Views/Home/CategoryGridView.swift"; sourceTree = "<group>"; };
		F7896BCC369445948381375F /* ProductRailView.swift */ = {isa = PBXFileReference; lastKnownFileType = sourcecode.swift; name = "ProductRailView.swift"; path = "Hyperpure/Views/Home/ProductRailView.swift"; sourceTree = "<group>"; };
		6725B1D39EFB4F1FA8BBA34D /* CategoriesSheetView.swift */ = {isa = PBXFileReference; lastKnownFileType = sourcecode.swift; name = "CategoriesSheetView.swift"; path = "Hyperpure/Views/Home/CategoriesSheetView.swift"; sourceTree = "<group>"; };
		43A0D6BBEADB43A6AEFA23F0 /* HeroBannerView.swift */ = {isa = PBXFileReference; lastKnownFileType = sourcecode.swift; name = "HeroBannerView.swift"; path = "Hyperpure/Views/Home/HeroBannerView.swift"; sourceTree = "<group>"; };
		2BDD53414FF342F291FCA07E /* FeaturedProductsView.swift */ = {isa = PBXFileReference; lastKnownFileType = sourcecode.swift; name = "FeaturedProductsView.swift"; path = "Hyperpure/Views/Home/FeaturedProductsView.swift"; sourceTree = "<group>"; };
		4D39CA3C34CE4EE88AC7FFCF /* OfferBannerView.swift */ = {isa = PBXFileReference; lastKnownFileType = sourcecode.swift; name = "OfferBannerView.swift"; path = "Hyperpure/Views/Home/OfferBannerView.swift"; sourceTree = "<group>"; };
		B16473B741CD4D14B76E9EB6 /* SupplyChainView.swift */ = {isa = PBXFileReference; lastKnownFileType = sourcecode.swift; name = "SupplyChainView.swift"; path = "Hyperpure/Views/Home/SupplyChainView.swift"; sourceTree = "<group>"; };
		459C680786264BFBB21E0E57 /* StatsCounterView.swift */ = {isa = PBXFileReference; lastKnownFileType = sourcecode.swift; name = "StatsCounterView.swift"; path = "Hyperpure/Views/Home/StatsCounterView.swift"; sourceTree = "<group>"; };
		F3D37B4D8B3146A2AE6EE54B /* TestimonialSliderView.swift */ = {isa = PBXFileReference; lastKnownFileType = sourcecode.swift; name = "TestimonialSliderView.swift"; path = "Hyperpure/Views/Home/TestimonialSliderView.swift"; sourceTree = "<group>"; };
		048EED0CE509468DB068CFE7 /* FAQAccordionView.swift */ = {isa = PBXFileReference; lastKnownFileType = sourcecode.swift; name = "FAQAccordionView.swift"; path = "Hyperpure/Views/Home/FAQAccordionView.swift"; sourceTree = "<group>"; };
		428C1242FDB4475C8232D916 /* HomeView.swift */ = {isa = PBXFileReference; lastKnownFileType = sourcecode.swift; name = "HomeView.swift"; path = "Hyperpure/Views/Home/HomeView.swift"; sourceTree = "<group>"; };
		CC2EE0A1E4DE44DCA4BDA9CD /* MyListView.swift */ = {isa = PBXFileReference; lastKnownFileType = sourcecode.swift; name = "MyListView.swift"; path = "Hyperpure/Views/MyList/MyListView.swift"; sourceTree = "<group>"; };
		0F103C18539C481BBA9F4C08 /* SmartListsView.swift */ = {isa = PBXFileReference; lastKnownFileType = sourcecode.swift; name = "SmartListsView.swift"; path = "Hyperpure/Views/MyList/SmartListsView.swift"; sourceTree = "<group>"; };
		5440DFE2624F4E46A5CD3EA6 /* OrdersView.swift */ = {isa = PBXFileReference; lastKnownFileType = sourcecode.swift; name = "OrdersView.swift"; path = "Hyperpure/Views/Orders/OrdersView.swift"; sourceTree = "<group>"; };
		CE73E32B9FE344EAA546FDE1 /* AccountView.swift */ = {isa = PBXFileReference; lastKnownFileType = sourcecode.swift; name = "AccountView.swift"; path = "Hyperpure/Views/Account/AccountView.swift"; sourceTree = "<group>"; };
		C4F7A9F1A2D847F88303084C /* CatalogueView.swift */ = {isa = PBXFileReference; lastKnownFileType = sourcecode.swift; name = "CatalogueView.swift"; path = "Hyperpure/Views/Catalogue/CatalogueView.swift"; sourceTree = "<group>"; };
		A12522F7499B477E897985B6 /* ProductDetailView.swift */ = {isa = PBXFileReference; lastKnownFileType = sourcecode.swift; name = "ProductDetailView.swift"; path = "Hyperpure/Views/ProductDetail/ProductDetailView.swift"; sourceTree = "<group>"; };
		64EEBD06451A4059A2544885 /* CartView.swift */ = {isa = PBXFileReference; lastKnownFileType = sourcecode.swift; name = "CartView.swift"; path = "Hyperpure/Views/Cart/CartView.swift"; sourceTree = "<group>"; };
		D87772AAF28848119D089227 /* QualityView.swift */ = {isa = PBXFileReference; lastKnownFileType = sourcecode.swift; name = "QualityView.swift"; path = "Hyperpure/Views/Quality/QualityView.swift"; sourceTree = "<group>"; };
		AEBA5446E0AB480EA15DFBF1 /* SustainabilityView.swift */ = {isa = PBXFileReference; lastKnownFileType = sourcecode.swift; name = "SustainabilityView.swift"; path = "Hyperpure/Views/Sustainability/SustainabilityView.swift"; sourceTree = "<group>"; };
		B44ADF4463B54FE495D29287 /* BlogView.swift */ = {isa = PBXFileReference; lastKnownFileType = sourcecode.swift; name = "BlogView.swift"; path = "Hyperpure/Views/Blog/BlogView.swift"; sourceTree = "<group>"; };
		0A1B2C3D4E5F6A7B8C9D0E1F /* Assets.xcassets */ = {isa = PBXFileReference; lastKnownFileType = folder.assetcatalog; name = Assets.xcassets; path = Hyperpure/Assets.xcassets; sourceTree = "<group>"; };
		0A1B2C3D4E5F6A7B8C9D0E21 /* Hyperpure.app */ = {isa = PBXFileReference; explicitFileType = wrapper.application; includeInIndex = 0; path = Hyperpure.app; sourceTree = BUILT_PRODUCTS_DIR; };
/* End PBXFileReference section */

/* Begin PBXGroup section */
		59A8B419787B4F1590EC4BF7 = {
			isa = PBXGroup;
			children = (
				D0D871DF00224095A013248E /* App */,
				55E7E3A06C394D298FEB12B5 /* Models */,
				3BBA2110114D42A48F11174C /* Services */,
				CE82E289D18E430881D9B806 /* Data */,
				F4B3E249719F43FC9EA551FA /* ViewModels */,
				9311A3FC9C454C739AFB5D7C /* Views */,
				0A1B2C3D4E5F6A7B8C9D0E1F /* Assets.xcassets */,
				0A1B2C3D4E5F6A7B8C9D0E22 /* Products */,
			);
			sourceTree = "<group>";
		};
		0A1B2C3D4E5F6A7B8C9D0E22 /* Products */ = {
			isa = PBXGroup;
			children = (
				0A1B2C3D4E5F6A7B8C9D0E21 /* Hyperpure.app */,
			);
			name = Products;
			sourceTree = "<group>";
		};
		D0D871DF00224095A013248E /* App */ = {
			isa = PBXGroup;
			children = (
				FFBA2DC593F24C28BEB892FC /* HyperpureApp.swift */,
				428E4C360DAC4D4DAB782458 /* Theme.swift */,
			);
			name = "App";
			sourceTree = "<group>";
		};
		55E7E3A06C394D298FEB12B5 /* Models */ = {
			isa = PBXGroup;
			children = (
				E7AD6381D6CA4C209C8B7700 /* Product.swift */,
				976D2FF717594F5BAFFF02A3 /* Category.swift */,
				3AA04081A09546438BD4C020 /* CartItem.swift */,
				AA4DFA3D65BC4BD1A36B3B45 /* ContentModels.swift */,

			);
			name = "Models";
			sourceTree = "<group>";
		};
		3BBA2110114D42A48F11174C /* Services */ = {
			isa = PBXGroup;
			children = (
				0AC63998CAD64D769BC6EF2E /* HapticService.swift */,
			);
			name = "Services";
			sourceTree = "<group>";
		};
		CE82E289D18E430881D9B806 /* Data */ = {
			isa = PBXGroup;
			children = (
				113D0437DA52449B82F08130 /* MockProducts.swift */,
				44EB190818A74E2491858C7D /* MockCategories.swift */,
				11D5937A5ED342EE8D0F75EF /* MockContent.swift */,
			);
			name = "Data";
			sourceTree = "<group>";
		};
		F4B3E249719F43FC9EA551FA /* ViewModels */ = {
			isa = PBXGroup;
			children = (
				85C277E686314E66ABCCE5DD /* CartViewModel.swift */,
				A7F824936F1048E5BEE9DF23 /* CatalogueViewModel.swift */,
				5AB32EEB6DB9489E8ED8F6E5 /* HomeViewModel.swift */,
			);
			name = "ViewModels";
			sourceTree = "<group>";
		};
		B78BDFB662B443BEA66E8592 /* Components */ = {
			isa = PBXGroup;
			children = (
				D1CB7DF8CDB945038F0A99A5 /* ProductCardView.swift */,
				1EAC625ABF0543FEA5AE55A7 /* SearchBarView.swift */,
				DC80DA7D2A154AA285A4EDF8 /* ToastView.swift */,

			);
			name = "Components";
			sourceTree = "<group>";
		};
		83B1E30241CA4D768C99F473 /* Home */ = {
			isa = PBXGroup;
			children = (
				3CF887BDD597461CB81DDD8A /* HeaderView.swift */,
				019C5365FC79475FBF6BA7F4 /* BannerView.swift */,
				C7CCA51E3E5446F8921D8B26 /* CategoryGridView.swift */,
				F7896BCC369445948381375F /* ProductRailView.swift */,
				6725B1D39EFB4F1FA8BBA34D /* CategoriesSheetView.swift */,
				43A0D6BBEADB43A6AEFA23F0 /* HeroBannerView.swift */,
				2BDD53414FF342F291FCA07E /* FeaturedProductsView.swift */,
				4D39CA3C34CE4EE88AC7FFCF /* OfferBannerView.swift */,
				B16473B741CD4D14B76E9EB6 /* SupplyChainView.swift */,
				459C680786264BFBB21E0E57 /* StatsCounterView.swift */,
				F3D37B4D8B3146A2AE6EE54B /* TestimonialSliderView.swift */,
				048EED0CE509468DB068CFE7 /* FAQAccordionView.swift */,
				428C1242FDB4475C8232D916 /* HomeView.swift */,
			);
			name = "Home";
			sourceTree = "<group>";
		};
		AEFDECF1128645DDB56F01C5 /* MyList */ = {
			isa = PBXGroup;
			children = (
				CC2EE0A1E4DE44DCA4BDA9CD /* MyListView.swift */,
				0F103C18539C481BBA9F4C08 /* SmartListsView.swift */,
			);
			name = "MyList";
			sourceTree = "<group>";
		};
		C1FF68AA34554551910B2791 /* Orders */ = {
			isa = PBXGroup;
			children = (
				5440DFE2624F4E46A5CD3EA6 /* OrdersView.swift */,
			);
			name = "Orders";
			sourceTree = "<group>";
		};
		F74DEA595E5A4F3690D5F27C /* Account */ = {
			isa = PBXGroup;
			children = (
				CE73E32B9FE344EAA546FDE1 /* AccountView.swift */,
			);
			name = "Account";
			sourceTree = "<group>";
		};
		1CCA160E3A9F4440AB549E46 /* Catalogue */ = {
			isa = PBXGroup;
			children = (
				C4F7A9F1A2D847F88303084C /* CatalogueView.swift */,
			);
			name = "Catalogue";
			sourceTree = "<group>";
		};
		C28B3B814C5944438AD93799 /* ProductDetail */ = {
			isa = PBXGroup;
			children = (
				A12522F7499B477E897985B6 /* ProductDetailView.swift */,
			);
			name = "ProductDetail";
			sourceTree = "<group>";
		};
		6A3F01C54E42496092605917 /* Cart */ = {
			isa = PBXGroup;
			children = (
				64EEBD06451A4059A2544885 /* CartView.swift */,
			);
			name = "Cart";
			sourceTree = "<group>";
		};
		D41D547C2605408580F40BE1 /* Quality */ = {
			isa = PBXGroup;
			children = (
				D87772AAF28848119D089227 /* QualityView.swift */,
			);
			name = "Quality";
			sourceTree = "<group>";
		};
		45D5ECCC39A949FCAB98FD45 /* Sustainability */ = {
			isa = PBXGroup;
			children = (
				AEBA5446E0AB480EA15DFBF1 /* SustainabilityView.swift */,
			);
			name = "Sustainability";
			sourceTree = "<group>";
		};
		EE4CE4B68957431EAE71BFE3 /* Blog */ = {
			isa = PBXGroup;
			children = (
				B44ADF4463B54FE495D29287 /* BlogView.swift */,
			);
			name = "Blog";
			sourceTree = "<group>";
		};
		9311A3FC9C454C739AFB5D7C /* Views */ = {
			isa = PBXGroup;
			children = (
				B4FC37A7945A4FFD8071A3BB /* MainTabView.swift */,
				B78BDFB662B443BEA66E8592 /* Components */,
				83B1E30241CA4D768C99F473 /* Home */,
				AEFDECF1128645DDB56F01C5 /* MyList */,
				C1FF68AA34554551910B2791 /* Orders */,
				F74DEA595E5A4F3690D5F27C /* Account */,
				1CCA160E3A9F4440AB549E46 /* Catalogue */,
				C28B3B814C5944438AD93799 /* ProductDetail */,
				6A3F01C54E42496092605917 /* Cart */,
				D41D547C2605408580F40BE1 /* Quality */,
				45D5ECCC39A949FCAB98FD45 /* Sustainability */,
				EE4CE4B68957431EAE71BFE3 /* Blog */,
			);
			name = "Views";
			sourceTree = "<group>";
		};
/* End PBXGroup section */

/* Begin PBXNativeTarget section */
		78CA4A2E026A4B29876E8079 /* Hyperpure */ = {
			isa = PBXNativeTarget;
			buildConfigurationList = FCCCBDF258124960A1D862C7 /* Build configuration list for PBXNativeTarget "Hyperpure" */;
			buildPhases = (
				43C9520737E148D989ED916A /* Sources */,
				43C9520837E148D989ED916B /* Resources */,
			);
			buildRules = (
			);
			dependencies = (
			);
			name = Hyperpure;
			productName = Hyperpure;
			productReference = 0A1B2C3D4E5F6A7B8C9D0E21 /* Hyperpure.app */;
			productType = "com.apple.product-type.application";
		};
/* End PBXNativeTarget section */

/* Begin PBXProject section */
		FDE2B8F962AE41ADBD22BC85 /* Project object */ = {
			isa = PBXProject;
			attributes = {
				BuildIndependentTargetsInParallel = 1;
				LastUpgradeCheck = 1540;
				TargetAttributes = {
					78CA4A2E026A4B29876E8079 = {
						CreatedOnToolsVersion = 15.4;
					};
				};
			};
			buildConfigurationList = 36B94EE55DCA460799671C2E /* Build configuration list for PBXProject "Hyperpure" */;
			compatibilityVersion = "Xcode 14.0";
			developmentRegion = en;
			hasScannedForEncodings = 0;
			knownRegions = (
				en,
				Base,
			);
			mainGroup = 59A8B419787B4F1590EC4BF7;
			productRefGroup = 0A1B2C3D4E5F6A7B8C9D0E22 /* Products */;
			projectDirPath = "";
			projectRoot = "";
			targets = (
				78CA4A2E026A4B29876E8079 /* Hyperpure */,
			);
		};
/* End PBXProject section */

/* Begin PBXSourcesBuildPhase section */
		43C9520737E148D989ED916A /* Sources */ = {
			isa = PBXSourcesBuildPhase;
			buildActionMask = 2147483647;
			files = (
				E8E5B14C9FED4ECEB6B2E345 /* HyperpureApp.swift in Sources */,
				0C4426DAEC7649E78EA5F52C /* Theme.swift in Sources */,
				F833DFB45B6D47BBA2F1DBDA /* Product.swift in Sources */,
				95B532A8F6014C779FBB6F1A /* Category.swift in Sources */,
				55209BE4BC9848C4B4A55578 /* CartItem.swift in Sources */,
				AA56B7F7435E4682B2A788A6 /* ContentModels.swift in Sources */,
				9EA0A0FAEC4A443D8E93CB37 /* HapticService.swift in Sources */,
				C5526EB122BE43CBACF92127 /* MockProducts.swift in Sources */,
				0D57810B5D3D487AACC4D078 /* MockCategories.swift in Sources */,
				AA69DA6CDFAD43C88ECB5568 /* MockContent.swift in Sources */,
				196D57673C654A7F9E5DC801 /* CartViewModel.swift in Sources */,
				E967DC9895304206BA766A47 /* CatalogueViewModel.swift in Sources */,
				BBDFBD2563054BE5A99E451B /* HomeViewModel.swift in Sources */,
				F7571929D85A4256925BB276 /* MainTabView.swift in Sources */,
				2F6C5AE2D8E8402BA3525570 /* ProductCardView.swift in Sources */,
				CA705D648BE34343A5DF37A9 /* SearchBarView.swift in Sources */,
				80D1E1E9B6C849FDA588AAEA /* ToastView.swift in Sources */,

				91227B4C3E8E408A9D39B945 /* HeaderView.swift in Sources */,
				4E28E99673D04F7B92965274 /* BannerView.swift in Sources */,
				5612BB641FF84313ACF6EEBC /* CategoryGridView.swift in Sources */,
				97F0B535E487410AAC534DC3 /* ProductRailView.swift in Sources */,
				4B8D3AAC4E7749F3B435B4BB /* CategoriesSheetView.swift in Sources */,
				2749C2A5E94247CE984891B4 /* HeroBannerView.swift in Sources */,
				1475C296FC9B409A9DC6A68C /* FeaturedProductsView.swift in Sources */,
				51C8F2297EBB4333A4B3FED8 /* OfferBannerView.swift in Sources */,
				8BB8F8499FBB4A6B98F2C475 /* SupplyChainView.swift in Sources */,
				898ECDACB5A54FFBA06FA96C /* StatsCounterView.swift in Sources */,
				874044A3E1A944AF94C8AA68 /* TestimonialSliderView.swift in Sources */,
				55396C58A2C74A98B15B86C4 /* FAQAccordionView.swift in Sources */,
				349B83FF2F05466DB6A55BDC /* HomeView.swift in Sources */,
				38F624268BA541DAAB00F14B /* MyListView.swift in Sources */,
				432B5627DF7946BC87448EFC /* SmartListsView.swift in Sources */,
				E77C5A984D5E43B58FAE70C7 /* OrdersView.swift in Sources */,
				0D2F92C7E49449DAAEA9EFFE /* AccountView.swift in Sources */,
				08E9F4E4949245B895F03A38 /* CatalogueView.swift in Sources */,
				B0DF8595D31542FC91FA5B39 /* ProductDetailView.swift in Sources */,
				04A84AE8BB524BDA84D47BC4 /* CartView.swift in Sources */,
				1756F5BB4BCB44FFBB29BBBC /* QualityView.swift in Sources */,
				EE53BF7375A240A79BF27275 /* SustainabilityView.swift in Sources */,
				6C72483B015E406E9B699F20 /* BlogView.swift in Sources */,
			);
			runOnlyForDeploymentPostprocessing = 0;
		};
/* End PBXSourcesBuildPhase section */

/* Begin PBXResourcesBuildPhase section */
		43C9520837E148D989ED916B /* Resources */ = {
			isa = PBXResourcesBuildPhase;
			buildActionMask = 2147483647;
			files = (
				0A1B2C3D4E5F6A7B8C9D0E20 /* Assets.xcassets in Resources */,
			);
			runOnlyForDeploymentPostprocessing = 0;
		};
/* End PBXResourcesBuildPhase section */

/* Begin XCBuildConfiguration section */
		067ADE8BBF2B44F5BF595996 /* Debug */ = {
			isa = XCBuildConfiguration;
			buildSettings = {
				ALWAYS_SEARCH_USER_PATHS = NO;
				CLANG_ENABLE_MODULES = YES;
				DECISION_BUILD = YES;
				ENABLE_STRICT_OBJC_MSGSEND = YES;
				GCC_C_LANGUAGE_STANDARD = gnu17;
				IPHONEOS_DEPLOYMENT_TARGET = 17.0;
				MTL_ENABLE_DEBUG_INFO = INCLUDE_SOURCE;
				MTL_FAST_MATH = YES;
				SDKROOT = iphoneos;
				SWIFT_ACTIVE_COMPILATION_CONDITIONS = DEBUG;
				SWIFT_OPTIMIZATION_LEVEL = "-Onone";
				SWIFT_VERSION = 5.0;
			};
			name = Debug;
		};
		0B41497BA40C40D5B97E34B8 /* Release */ = {
			isa = XCBuildConfiguration;
			buildSettings = {
				ALWAYS_SEARCH_USER_PATHS = NO;
				CLANG_ENABLE_MODULES = YES;
				DECISION_BUILD = YES;
				ENABLE_STRICT_OBJC_MSGSEND = YES;
				GCC_C_LANGUAGE_STANDARD = gnu17;
				IPHONEOS_DEPLOYMENT_TARGET = 17.0;
				MTL_FAST_MATH = YES;
				SDKROOT = iphoneos;
				SWIFT_COMPILATION_MODE = wholemodule;
				SWIFT_OPTIMIZATION_LEVEL = "-O";
				SWIFT_VERSION = 5.0;
			};
			name = Release;
		};
		D56910A210F3456AA8084906 /* Debug */ = {
			isa = XCBuildConfiguration;
			buildSettings = {
				ASSETCATALOG_COMPILER_APPICON_NAME = AppIcon;
				CODE_SIGN_STYLE = Automatic;
				CURRENT_PROJECT_VERSION = 1;
				GENERATE_INFOPLIST_FILE = YES;
				INFOPLIST_KEY_UIApplicationSceneManifest_Generation = YES;
				INFOPLIST_KEY_UIApplicationSupportsIndirectInputEvents = YES;
				INFOPLIST_KEY_UILaunchScreen_Generation = YES;
				INFOPLIST_KEY_UISupportedInterfaceOrientations_iPhone = "UIInterfaceOrientationPortrait";
				LD_RUNPATH_SEARCH_PATHS = (
					"$(inherited)",
					"@executable_path/Frameworks",
				);
				MARKETING_VERSION = 1.0;
				PRODUCT_BUNDLE_IDENTIFIER = com.hyperpure.app;
				PRODUCT_NAME = "$(TARGET_NAME)";
				SWIFT_EMIT_LOC_STRINGS = YES;
				TARGETED_DEVICE_FAMILY = "1,2";
			};
			name = Debug;
		};
		5B5D72AB32614E9F9AA26064 /* Release */ = {
			isa = XCBuildConfiguration;
			buildSettings = {
				ASSETCATALOG_COMPILER_APPICON_NAME = AppIcon;
				CODE_SIGN_STYLE = Automatic;
				CURRENT_PROJECT_VERSION = 1;
				GENERATE_INFOPLIST_FILE = YES;
				INFOPLIST_KEY_UIApplicationSceneManifest_Generation = YES;
				INFOPLIST_KEY_UIApplicationSupportsIndirectInputEvents = YES;
				INFOPLIST_KEY_UILaunchScreen_Generation = YES;
				INFOPLIST_KEY_UISupportedInterfaceOrientations_iPhone = "UIInterfaceOrientationPortrait";
				LD_RUNPATH_SEARCH_PATHS = (
					"$(inherited)",
					"@executable_path/Frameworks",
				);
				MARKETING_VERSION = 1.0;
				PRODUCT_BUNDLE_IDENTIFIER = com.hyperpure.app;
				PRODUCT_NAME = "$(TARGET_NAME)";
				SWIFT_EMIT_LOC_STRINGS = YES;
				TARGETED_DEVICE_FAMILY = "1,2";
			};
			name = Release;
		};
/* End XCBuildConfiguration section */

/* Begin XCConfigurationList section */
		36B94EE55DCA460799671C2E /* Build configuration list for PBXProject "Hyperpure" */ = {
			isa = XCConfigurationList;
			buildConfigurations = (
				067ADE8BBF2B44F5BF595996 /* Debug */,
				0B41497BA40C40D5B97E34B8 /* Release */,
			);
			defaultConfigurationIsVisible = 0;
			defaultConfigurationName = Release;
		};
		FCCCBDF258124960A1D862C7 /* Build configuration list for PBXNativeTarget "Hyperpure" */ = {
			isa = XCConfigurationList;
			buildConfigurations = (
				D56910A210F3456AA8084906 /* Debug */,
				5B5D72AB32614E9F9AA26064 /* Release */,
			);
			defaultConfigurationIsVisible = 0;
			defaultConfigurationName = Release;
		};
/* End XCConfigurationList section */
	};
	rootObject = FDE2B8F962AE41ADBD22BC85 /* Project object */;
}
